lockfileVersion: 5.4

specifiers:
  state: github:jcbbb/state

dependencies:
  state: github.com/jcbbb/state/9f0b334da2c63df9816a44aba3c496f4d0cc4752

packages:

  github.com/jcbbb/state/9f0b334da2c63df9816a44aba3c496f4d0cc4752:
    resolution: {tarball: https://codeload.github.com/jcbbb/state/tar.gz/9f0b334da2c63df9816a44aba3c496f4d0cc4752}
    name: state
    version: 1.0.0
    dev: false
