lockfileVersion: '6.0'

dependencies:
  state:
    specifier: github:jcbbb/state
    version: github.com/jcbbb/state/779caeb63ec7dea4e365f22b50e978892ae0e286

packages:

  github.com/jcbbb/state/779caeb63ec7dea4e365f22b50e978892ae0e286:
    resolution: {tarball: https://codeload.github.com/jcbbb/state/tar.gz/779caeb63ec7dea4e365f22b50e978892ae0e286}
    name: state
    version: 1.0.0
    dev: false
